
Microsoft Visual Studio Solution File, Format Version 12.00
# Visual Studio Version 17
VisualStudioVersion = 17.3.32929.385
MinimumVisualStudioVersion = 10.0.40219.1
Project("{2150E333-8FDC-42A3-9474-1A3956D46DE8}") = "src", "src", "{7366F508-1DDD-46DB-82C0-978C5F0D1F92}"
EndProject
Project("{9A19103F-16F7-4668-BE54-9A1E7A4F7556}") = "Pasper", "src\Pasper\Pasper.csproj", "{A9A9AA00-D2C9-4D38-BD71-363CE2962773}"
EndProject
Project("{FAE04EC0-301F-11D3-BF4B-00C04F79EFBC}") = "Pasper.Xml", "src\Pasper.Xml\Pasper.Xml.csproj", "{3E88B4A8-0D5B-41C6-AFD8-85124787C2ED}"
EndProject
Project("{2150E333-8FDC-42A3-9474-1A3956D46DE8}") = "test", "test", "{371DEE60-97EB-4754-9083-B0928ABE7695}"
EndProject
Project("{FAE04EC0-301F-11D3-BF4B-00C04F79EFBC}") = "Pasper.Xml.Tests", "test\Pasper.Xml.Tests\Pasper.Xml.Tests.csproj", "{8C772AD3-4D51-4AA7-B8E6-5B65C9C29A97}"
EndProject
Project("{FAE04EC0-301F-11D3-BF4B-00C04F79EFBC}") = "Pasper.Json.Tests", "test\Pasper.Json.Tests\Pasper.Json.Tests.csproj", "{3C986E4F-F1F7-4ABE-A003-20C5FBABF0B9}"
EndProject
Project("{FAE04EC0-301F-11D3-BF4B-00C04F79EFBC}") = "Pasper.Yaml", "src\Pasper.Yaml\Pasper.Yaml.csproj", "{D75C9E79-BB42-4D34-8B37-625923B7D3C8}"
EndProject
Project("{FAE04EC0-301F-11D3-BF4B-00C04F79EFBC}") = "Pasper.Yaml.Tests", "test\Pasper.Yaml.Tests\Pasper.Yaml.Tests.csproj", "{E6ED15D0-0274-4C61-8A06-E52E228F1759}"
EndProject
Project("{FAE04EC0-301F-11D3-BF4B-00C04F79EFBC}") = "Pasper.Json", "src\Pasper.Json\Pasper.Json.csproj", "{4F0A9CE8-936F-431D-AF98-C427CD70CF99}"
EndProject
Project("{FAE04EC0-301F-11D3-BF4B-00C04F79EFBC}") = "Pasper.Toml", "src\Pasper.Toml\Pasper.Toml.csproj", "{F7A3BE69-4C91-4164-AABF-E228C44AEED7}"
EndProject
Project("{FAE04EC0-301F-11D3-BF4B-00C04F79EFBC}") = "Pasper.Toml.Tests", "test\Pasper.Toml.Tests\Pasper.Toml.Tests.csproj", "{AD32F58A-C91A-40F6-BC4B-BA771B00F35F}"
EndProject
Global
	GlobalSection(SolutionConfigurationPlatforms) = preSolution
		Debug|Any CPU = Debug|Any CPU
		Release|Any CPU = Release|Any CPU
	EndGlobalSection
	GlobalSection(ProjectConfigurationPlatforms) = postSolution
		{A9A9AA00-D2C9-4D38-BD71-363CE2962773}.Debug|Any CPU.ActiveCfg = Debug|Any CPU
		{A9A9AA00-D2C9-4D38-BD71-363CE2962773}.Debug|Any CPU.Build.0 = Debug|Any CPU
		{A9A9AA00-D2C9-4D38-BD71-363CE2962773}.Release|Any CPU.ActiveCfg = Release|Any CPU
		{A9A9AA00-D2C9-4D38-BD71-363CE2962773}.Release|Any CPU.Build.0 = Release|Any CPU
		{3E88B4A8-0D5B-41C6-AFD8-85124787C2ED}.Debug|Any CPU.ActiveCfg = Debug|Any CPU
		{3E88B4A8-0D5B-41C6-AFD8-85124787C2ED}.Debug|Any CPU.Build.0 = Debug|Any CPU
		{3E88B4A8-0D5B-41C6-AFD8-85124787C2ED}.Release|Any CPU.ActiveCfg = Release|Any CPU
		{3E88B4A8-0D5B-41C6-AFD8-85124787C2ED}.Release|Any CPU.Build.0 = Release|Any CPU
		{8C772AD3-4D51-4AA7-B8E6-5B65C9C29A97}.Debug|Any CPU.ActiveCfg = Debug|Any CPU
		{8C772AD3-4D51-4AA7-B8E6-5B65C9C29A97}.Debug|Any CPU.Build.0 = Debug|Any CPU
		{8C772AD3-4D51-4AA7-B8E6-5B65C9C29A97}.Release|Any CPU.ActiveCfg = Release|Any CPU
		{8C772AD3-4D51-4AA7-B8E6-5B65C9C29A97}.Release|Any CPU.Build.0 = Release|Any CPU
		{3C986E4F-F1F7-4ABE-A003-20C5FBABF0B9}.Debug|Any CPU.ActiveCfg = Debug|Any CPU
		{3C986E4F-F1F7-4ABE-A003-20C5FBABF0B9}.Debug|Any CPU.Build.0 = Debug|Any CPU
		{3C986E4F-F1F7-4ABE-A003-20C5FBABF0B9}.Release|Any CPU.ActiveCfg = Release|Any CPU
		{3C986E4F-F1F7-4ABE-A003-20C5FBABF0B9}.Release|Any CPU.Build.0 = Release|Any CPU
		{D75C9E79-BB42-4D34-8B37-625923B7D3C8}.Debug|Any CPU.ActiveCfg = Debug|Any CPU
		{D75C9E79-BB42-4D34-8B37-625923B7D3C8}.Debug|Any CPU.Build.0 = Debug|Any CPU
		{D75C9E79-BB42-4D34-8B37-625923B7D3C8}.Release|Any CPU.ActiveCfg = Release|Any CPU
		{D75C9E79-BB42-4D34-8B37-625923B7D3C8}.Release|Any CPU.Build.0 = Release|Any CPU
		{E6ED15D0-0274-4C61-8A06-E52E228F1759}.Debug|Any CPU.ActiveCfg = Debug|Any CPU
		{E6ED15D0-0274-4C61-8A06-E52E228F1759}.Debug|Any CPU.Build.0 = Debug|Any CPU
		{E6ED15D0-0274-4C61-8A06-E52E228F1759}.Release|Any CPU.ActiveCfg = Release|Any CPU
		{E6ED15D0-0274-4C61-8A06-E52E228F1759}.Release|Any CPU.Build.0 = Release|Any CPU
		{4F0A9CE8-936F-431D-AF98-C427CD70CF99}.Debug|Any CPU.ActiveCfg = Debug|Any CPU
		{4F0A9CE8-936F-431D-AF98-C427CD70CF99}.Debug|Any CPU.Build.0 = Debug|Any CPU
		{4F0A9CE8-936F-431D-AF98-C427CD70CF99}.Release|Any CPU.ActiveCfg = Release|Any CPU
		{4F0A9CE8-936F-431D-AF98-C427CD70CF99}.Release|Any CPU.Build.0 = Release|Any CPU
		{F7A3BE69-4C91-4164-AABF-E228C44AEED7}.Debug|Any CPU.ActiveCfg = Debug|Any CPU
		{F7A3BE69-4C91-4164-AABF-E228C44AEED7}.Debug|Any CPU.Build.0 = Debug|Any CPU
		{F7A3BE69-4C91-4164-AABF-E228C44AEED7}.Release|Any CPU.ActiveCfg = Release|Any CPU
		{F7A3BE69-4C91-4164-AABF-E228C44AEED7}.Release|Any CPU.Build.0 = Release|Any CPU
		{AD32F58A-C91A-40F6-BC4B-BA771B00F35F}.Debug|Any CPU.ActiveCfg = Debug|Any CPU
		{AD32F58A-C91A-40F6-BC4B-BA771B00F35F}.Debug|Any CPU.Build.0 = Debug|Any CPU
		{AD32F58A-C91A-40F6-BC4B-BA771B00F35F}.Release|Any CPU.ActiveCfg = Release|Any CPU
		{AD32F58A-C91A-40F6-BC4B-BA771B00F35F}.Release|Any CPU.Build.0 = Release|Any CPU
	EndGlobalSection
	GlobalSection(SolutionProperties) = preSolution
		HideSolutionNode = FALSE
	EndGlobalSection
	GlobalSection(NestedProjects) = preSolution
		{A9A9AA00-D2C9-4D38-BD71-363CE2962773} = {7366F508-1DDD-46DB-82C0-978C5F0D1F92}
		{3E88B4A8-0D5B-41C6-AFD8-85124787C2ED} = {7366F508-1DDD-46DB-82C0-978C5F0D1F92}
		{8C772AD3-4D51-4AA7-B8E6-5B65C9C29A97} = {371DEE60-97EB-4754-9083-B0928ABE7695}
		{3C986E4F-F1F7-4ABE-A003-20C5FBABF0B9} = {371DEE60-97EB-4754-9083-B0928ABE7695}
		{D75C9E79-BB42-4D34-8B37-625923B7D3C8} = {7366F508-1DDD-46DB-82C0-978C5F0D1F92}
		{E6ED15D0-0274-4C61-8A06-E52E228F1759} = {371DEE60-97EB-4754-9083-B0928ABE7695}
		{4F0A9CE8-936F-431D-AF98-C427CD70CF99} = {7366F508-1DDD-46DB-82C0-978C5F0D1F92}
		{F7A3BE69-4C91-4164-AABF-E228C44AEED7} = {7366F508-1DDD-46DB-82C0-978C5F0D1F92}
		{AD32F58A-C91A-40F6-BC4B-BA771B00F35F} = {371DEE60-97EB-4754-9083-B0928ABE7695}
	EndGlobalSection
	GlobalSection(ExtensibilityGlobals) = postSolution
		SolutionGuid = {98BD2AB3-7CF7-4E57-A9C7-B8E50657904F}
	EndGlobalSection
EndGlobal
